
Microsoft Visual Studio Solution File, Format Version 12.00
# Visual Studio Version 16
VisualStudioVersion = 16.0.31624.102
MinimumVisualStudioVersion = 10.0.40219.1
Project("{FAE04EC0-301F-11D3-BF4B-00C04F79EFBC}") = "DemoRestClientConsole", "DemoRestClientConsole.csproj", "{F4686FCF-30B1-4DCE-81F4-8ED46C6DECED}"
EndProject
Global
	GlobalSection(SolutionConfigurationPlatforms) = preSolution
		Debug|Any CPU = Debug|Any CPU
		Release|Any CPU = Release|Any CPU
	EndGlobalSection
	GlobalSection(ProjectConfigurationPlatforms) = postSolution
		{F4686FCF-30B1-4DCE-81F4-8ED46C6DECED}.Debug|Any CPU.ActiveCfg = Debug|Any CPU
		{F4686FCF-30B1-4DCE-81F4-8ED46C6DECED}.Debug|Any CPU.Build.0 = Debug|Any CPU
		{F4686FCF-30B1-4DCE-81F4-8ED46C6DECED}.Release|Any CPU.ActiveCfg = Release|Any CPU
		{F4686FCF-30B1-4DCE-81F4-8ED46C6DECED}.Release|Any CPU.Build.0 = Release|Any CPU
	EndGlobalSection
	GlobalSection(SolutionProperties) = preSolution
		HideSolutionNode = FALSE
	EndGlobalSection
	GlobalSection(ExtensibilityGlobals) = postSolution
		SolutionGuid = {FAF2FC79-29A9-4DE1-8270-D01737818D32}
	EndGlobalSection
EndGlobal
